
Microsoft Visual Studio Solution File, Format Version 12.00
# Visual Studio Version 17
VisualStudioVersion = 17.8.34511.84
MinimumVisualStudioVersion = 10.0.40219.1
Project("{FAE04EC0-301F-11D3-BF4B-00C04F79EFBC}") = "MinimalAPIWithMongoDB", "MinimalAPIWithMongoDB.csproj", "{18A773DF-7F87-4ECA-88DA-EA51CCBCB54D}"
EndProject
Global
	GlobalSection(SolutionConfigurationPlatforms) = preSolution
		Debug|Any CPU = Debug|Any CPU
		Release|Any CPU = Release|Any CPU
	EndGlobalSection
	GlobalSection(ProjectConfigurationPlatforms) = postSolution
		{18A773DF-7F87-4ECA-88DA-EA51CCBCB54D}.Debug|Any CPU.ActiveCfg = Debug|Any CPU
		{18A773DF-7F87-4ECA-88DA-EA51CCBCB54D}.Debug|Any CPU.Build.0 = Debug|Any CPU
		{18A773DF-7F87-4ECA-88DA-EA51CCBCB54D}.Release|Any CPU.ActiveCfg = Release|Any CPU
		{18A773DF-7F87-4ECA-88DA-EA51CCBCB54D}.Release|Any CPU.Build.0 = Release|Any CPU
	EndGlobalSection
	GlobalSection(SolutionProperties) = preSolution
		HideSolutionNode = FALSE
	EndGlobalSection
	GlobalSection(ExtensibilityGlobals) = postSolution
		SolutionGuid = {6DBB6423-B69C-4F7C-BE84-9D70C4402CDE}
	EndGlobalSection
EndGlobal
