
Microsoft Visual Studio Solution File, Format Version 12.00
# Visual Studio Version 17
VisualStudioVersion = 17.8.34511.84
MinimumVisualStudioVersion = 10.0.40219.1
Project("{9A19103F-16F7-4668-BE54-9A1E7A4F7556}") = "ProductsManagementForUnitTest", "ProductsManagementForUnitTest\ProductsManagementForUnitTest.csproj", "{F3881140-6167-4D14-838C-7AB1DBC0159E}"
EndProject
Project("{FAE04EC0-301F-11D3-BF4B-00C04F79EFBC}") = "TestProject", "TestProject\TestProject.csproj", "{3C4D9D65-8994-47F0-9A4C-AFF61E0577A9}"
EndProject
Global
	GlobalSection(SolutionConfigurationPlatforms) = preSolution
		Debug|Any CPU = Debug|Any CPU
		Release|Any CPU = Release|Any CPU
	EndGlobalSection
	GlobalSection(ProjectConfigurationPlatforms) = postSolution
		{F3881140-6167-4D14-838C-7AB1DBC0159E}.Debug|Any CPU.ActiveCfg = Debug|Any CPU
		{F3881140-6167-4D14-838C-7AB1DBC0159E}.Debug|Any CPU.Build.0 = Debug|Any CPU
		{F3881140-6167-4D14-838C-7AB1DBC0159E}.Release|Any CPU.ActiveCfg = Release|Any CPU
		{F3881140-6167-4D14-838C-7AB1DBC0159E}.Release|Any CPU.Build.0 = Release|Any CPU
		{3C4D9D65-8994-47F0-9A4C-AFF61E0577A9}.Debug|Any CPU.ActiveCfg = Debug|Any CPU
		{3C4D9D65-8994-47F0-9A4C-AFF61E0577A9}.Debug|Any CPU.Build.0 = Debug|Any CPU
		{3C4D9D65-8994-47F0-9A4C-AFF61E0577A9}.Release|Any CPU.ActiveCfg = Release|Any CPU
		{3C4D9D65-8994-47F0-9A4C-AFF61E0577A9}.Release|Any CPU.Build.0 = Release|Any CPU
	EndGlobalSection
	GlobalSection(SolutionProperties) = preSolution
		HideSolutionNode = FALSE
	EndGlobalSection
	GlobalSection(ExtensibilityGlobals) = postSolution
		SolutionGuid = {CE1EBD62-23B8-4F44-93A1-69690E669908}
	EndGlobalSection
EndGlobal
